
Microsoft Visual Studio Solution File, Format Version 12.00
# Visual Studio Version 17
VisualStudioVersion = 17.7.34024.191
MinimumVisualStudioVersion = 10.0.40219.1
Project("{9A19103F-16F7-4668-BE54-9A1E7A4F7556}") = "WebAppVS", "WebAppVS.csproj", "{13EAA633-DE27-40BA-8288-3A9A2BED65C4}"
EndProject
Project("{9A19103F-16F7-4668-BE54-9A1E7A4F7556}") = "WebAppVS.UnitTests", "..\WebAppVS.UnitTests\WebAppVS.UnitTests.csproj", "{C9C6E1C0-36D2-4DEB-AE19-13CFEB4D1820}"
EndProject
Project("{FAE04EC0-301F-11D3-BF4B-00C04F79EFBC}") = "WebAppVS.UITests", "..\WebAppVS.UITests\WebAppVS.UITests.csproj", "{50615304-047B-470A-B6BF-6CB94853E0A5}"
EndProject
Global
	GlobalSection(SolutionConfigurationPlatforms) = preSolution
		Debug|Any CPU = Debug|Any CPU
		Release|Any CPU = Release|Any CPU
	EndGlobalSection
	GlobalSection(ProjectConfigurationPlatforms) = postSolution
		{13EAA633-DE27-40BA-8288-3A9A2BED65C4}.Debug|Any CPU.ActiveCfg = Debug|Any CPU
		{13EAA633-DE27-40BA-8288-3A9A2BED65C4}.Debug|Any CPU.Build.0 = Debug|Any CPU
		{13EAA633-DE27-40BA-8288-3A9A2BED65C4}.Release|Any CPU.ActiveCfg = Release|Any CPU
		{13EAA633-DE27-40BA-8288-3A9A2BED65C4}.Release|Any CPU.Build.0 = Release|Any CPU
		{C9C6E1C0-36D2-4DEB-AE19-13CFEB4D1820}.Debug|Any CPU.ActiveCfg = Debug|Any CPU
		{C9C6E1C0-36D2-4DEB-AE19-13CFEB4D1820}.Debug|Any CPU.Build.0 = Debug|Any CPU
		{C9C6E1C0-36D2-4DEB-AE19-13CFEB4D1820}.Release|Any CPU.ActiveCfg = Release|Any CPU
		{C9C6E1C0-36D2-4DEB-AE19-13CFEB4D1820}.Release|Any CPU.Build.0 = Release|Any CPU
		{50615304-047B-470A-B6BF-6CB94853E0A5}.Debug|Any CPU.ActiveCfg = Debug|Any CPU
		{50615304-047B-470A-B6BF-6CB94853E0A5}.Debug|Any CPU.Build.0 = Debug|Any CPU
		{50615304-047B-470A-B6BF-6CB94853E0A5}.Release|Any CPU.ActiveCfg = Release|Any CPU
		{50615304-047B-470A-B6BF-6CB94853E0A5}.Release|Any CPU.Build.0 = Release|Any CPU
	EndGlobalSection
	GlobalSection(SolutionProperties) = preSolution
		HideSolutionNode = FALSE
	EndGlobalSection
	GlobalSection(ExtensibilityGlobals) = postSolution
		SolutionGuid = {7BEAC8C0-EFDB-47B1-BE6E-8DC6C5916281}
	EndGlobalSection
EndGlobal
